PODS:
  - Nuke (10.7.1)

DEPENDENCIES:
  - Nuke

SPEC REPOS:
  trunk:
    - Nuke

SPEC CHECKSUMS:
  Nuke: 279f17a599fd1c83cf51de5e0e1f2db143a287b0

<<<<<<< HEAD
PODFILE CHECKSUM: bc26b9531d199f31f7b16a9c62fd1b294ded73f3
=======
PODFILE CHECKSUM: 7c954f3dc6d9ffb1c0580980c2922fd5fe64c9ac
>>>>>>> 4a53e51ead91fab7dfe51d87df64f31f08b9597d

COCOAPODS: 1.11.2
