// !$*UTF8*$!
{
	archiveVersion = 1;
	classes = {
	};
	objectVersion = 55;
	objects = {

/* Begin PBXBuildFile section */
<<<<<<< HEAD
		4B65A3C128A9E63B00D710C6 /* Main.storyboard in Resources */ = {isa = PBXBuildFile; fileRef = 4B65A3C028A9E63B00D710C6 /* Main.storyboard */; };
		4B65A3C328A9E69600D710C6 /* CellViewModel.swift in Sources */ = {isa = PBXBuildFile; fileRef = 4B65A3C228A9E69600D710C6 /* CellViewModel.swift */; };
=======
		4B24774728A229E300F7F646 /* CellViewModel.swift in Sources */ = {isa = PBXBuildFile; fileRef = 4B24774628A229E300F7F646 /* CellViewModel.swift */; };
>>>>>>> refs/remotes/origin/main
		4B69A0F72875B4E500BBDF17 /* APICaller.swift in Sources */ = {isa = PBXBuildFile; fileRef = 4B69A0F62875B4E500BBDF17 /* APICaller.swift */; };
		4B69A0FC2875B68F00BBDF17 /* Articles.swift in Sources */ = {isa = PBXBuildFile; fileRef = 4B69A0FB2875B68F00BBDF17 /* Articles.swift */; };
		4B69A0FE2875BC1100BBDF17 /* ConstellationCell.swift in Sources */ = {isa = PBXBuildFile; fileRef = 4B69A0FD2875BC1100BBDF17 /* ConstellationCell.swift */; };
		4B69A1002875D0F200BBDF17 /* BigImageView.swift in Sources */ = {isa = PBXBuildFile; fileRef = 4B69A0FF2875D0F200BBDF17 /* BigImageView.swift */; };
		4BA4FF112874584900A6F167 /* AppDelegate.swift in Sources */ = {isa = PBXBuildFile; fileRef = 4BA4FF102874584900A6F167 /* AppDelegate.swift */; };
		4BA4FF132874584900A6F167 /* SceneDelegate.swift in Sources */ = {isa = PBXBuildFile; fileRef = 4BA4FF122874584900A6F167 /* SceneDelegate.swift */; };
		4BA4FF152874584900A6F167 /* DetailViewController.swift in Sources */ = {isa = PBXBuildFile; fileRef = 4BA4FF142874584900A6F167 /* DetailViewController.swift */; };
		4BA4FF1A2874584A00A6F167 /* Assets.xcassets in Resources */ = {isa = PBXBuildFile; fileRef = 4BA4FF192874584A00A6F167 /* Assets.xcassets */; };
		4BA4FF1D2874584A00A6F167 /* LaunchScreen.storyboard in Resources */ = {isa = PBXBuildFile; fileRef = 4BA4FF1B2874584A00A6F167 /* LaunchScreen.storyboard */; };
		4BC2ECDA28758058005F3B0B /* ViewController.swift in Sources */ = {isa = PBXBuildFile; fileRef = 4BC2ECD928758058005F3B0B /* ViewController.swift */; };
		4BEE37FB28A9D8A6004BE154 /* Constellation.swift in Sources */ = {isa = PBXBuildFile; fileRef = 4BEE37FA28A9D8A6004BE154 /* Constellation.swift */; };
		4BEE37FD28A9D915004BE154 /* ContentView.swift in Sources */ = {isa = PBXBuildFile; fileRef = 4BEE37FC28A9D915004BE154 /* ContentView.swift */; };
/* End PBXBuildFile section */

/* Begin PBXFileReference section */
<<<<<<< HEAD
		4B65A3C028A9E63B00D710C6 /* Main.storyboard */ = {isa = PBXFileReference; fileEncoding = 4; lastKnownFileType = file.storyboard; path = Main.storyboard; sourceTree = "<group>"; };
		4B65A3C228A9E69600D710C6 /* CellViewModel.swift */ = {isa = PBXFileReference; fileEncoding = 4; lastKnownFileType = sourcecode.swift; path = CellViewModel.swift; sourceTree = "<group>"; };
=======
		4B24774628A229E300F7F646 /* CellViewModel.swift */ = {isa = PBXFileReference; lastKnownFileType = sourcecode.swift; path = CellViewModel.swift; sourceTree = "<group>"; };
>>>>>>> refs/remotes/origin/main
		4B69A0F62875B4E500BBDF17 /* APICaller.swift */ = {isa = PBXFileReference; lastKnownFileType = sourcecode.swift; path = APICaller.swift; sourceTree = "<group>"; };
		4B69A0FB2875B68F00BBDF17 /* Articles.swift */ = {isa = PBXFileReference; lastKnownFileType = sourcecode.swift; path = Articles.swift; sourceTree = "<group>"; };
		4B69A0FD2875BC1100BBDF17 /* ConstellationCell.swift */ = {isa = PBXFileReference; lastKnownFileType = sourcecode.swift; path = ConstellationCell.swift; sourceTree = "<group>"; };
		4B69A0FF2875D0F200BBDF17 /* BigImageView.swift */ = {isa = PBXFileReference; lastKnownFileType = sourcecode.swift; path = BigImageView.swift; sourceTree = "<group>"; };
		4BA4FF0D2874584900A6F167 /* constellation.app */ = {isa = PBXFileReference; explicitFileType = wrapper.application; includeInIndex = 0; path = constellation.app; sourceTree = BUILT_PRODUCTS_DIR; };
		4BA4FF102874584900A6F167 /* AppDelegate.swift */ = {isa = PBXFileReference; lastKnownFileType = sourcecode.swift; path = AppDelegate.swift; sourceTree = "<group>"; };
		4BA4FF122874584900A6F167 /* SceneDelegate.swift */ = {isa = PBXFileReference; lastKnownFileType = sourcecode.swift; path = SceneDelegate.swift; sourceTree = "<group>"; };
		4BA4FF142874584900A6F167 /* DetailViewController.swift */ = {isa = PBXFileReference; lastKnownFileType = sourcecode.swift; path = DetailViewController.swift; sourceTree = "<group>"; };
		4BA4FF192874584A00A6F167 /* Assets.xcassets */ = {isa = PBXFileReference; lastKnownFileType = folder.assetcatalog; path = Assets.xcassets; sourceTree = "<group>"; };
		4BA4FF1C2874584A00A6F167 /* Base */ = {isa = PBXFileReference; lastKnownFileType = file.storyboard; name = Base; path = Base.lproj/LaunchScreen.storyboard; sourceTree = "<group>"; };
		4BA4FF1E2874584A00A6F167 /* Info.plist */ = {isa = PBXFileReference; lastKnownFileType = text.plist.xml; path = Info.plist; sourceTree = "<group>"; };
		4BC2ECD928758058005F3B0B /* ViewController.swift */ = {isa = PBXFileReference; lastKnownFileType = sourcecode.swift; path = ViewController.swift; sourceTree = "<group>"; };
<<<<<<< HEAD
=======
		4BEE37FA28A9D8A6004BE154 /* Constellation.swift */ = {isa = PBXFileReference; lastKnownFileType = sourcecode.swift; path = Constellation.swift; sourceTree = "<group>"; };
		4BEE37FC28A9D915004BE154 /* ContentView.swift */ = {isa = PBXFileReference; lastKnownFileType = sourcecode.swift; path = ContentView.swift; sourceTree = "<group>"; };
>>>>>>> refs/remotes/origin/main
/* End PBXFileReference section */

/* Begin PBXFrameworksBuildPhase section */
		4BA4FF0A2874584900A6F167 /* Frameworks */ = {
			isa = PBXFrameworksBuildPhase;
			buildActionMask = 2147483647;
			files = (
			);
			runOnlyForDeploymentPostprocessing = 0;
		};
/* End PBXFrameworksBuildPhase section */

/* Begin PBXGroup section */
		4B69A0F82875B65900BBDF17 /* ViewContoller */ = {
			isa = PBXGroup;
			children = (
				4BC2ECD928758058005F3B0B /* ViewController.swift */,
				4B69A0FD2875BC1100BBDF17 /* ConstellationCell.swift */,
				4BA4FF142874584900A6F167 /* DetailViewController.swift */,
				4B69A0FF2875D0F200BBDF17 /* BigImageView.swift */,
			);
			path = ViewContoller;
			sourceTree = "<group>";
		};
		4B69A0F92875B66300BBDF17 /* View */ = {
			isa = PBXGroup;
			children = (
				4BA4FF1B2874584A00A6F167 /* LaunchScreen.storyboard */,
<<<<<<< HEAD
				4B65A3C028A9E63B00D710C6 /* Main.storyboard */,
=======
				4BEE37FA28A9D8A6004BE154 /* Constellation.swift */,
				4BEE37FC28A9D915004BE154 /* ContentView.swift */,
>>>>>>> refs/remotes/origin/main
			);
			path = View;
			sourceTree = "<group>";
		};
		4B69A0FA2875B66800BBDF17 /* Model */ = {
			isa = PBXGroup;
			children = (
				4B69A0F62875B4E500BBDF17 /* APICaller.swift */,
				4B69A0FB2875B68F00BBDF17 /* Articles.swift */,
				4B65A3C228A9E69600D710C6 /* CellViewModel.swift */,
			);
			path = Model;
			sourceTree = "<group>";
		};
		4BA4FF042874584900A6F167 = {
			isa = PBXGroup;
			children = (
				4BA4FF0F2874584900A6F167 /* constellation */,
				4BA4FF0E2874584900A6F167 /* Products */,
			);
			sourceTree = "<group>";
		};
		4BA4FF0E2874584900A6F167 /* Products */ = {
			isa = PBXGroup;
			children = (
				4BA4FF0D2874584900A6F167 /* constellation.app */,
			);
			name = Products;
			sourceTree = "<group>";
		};
		4BA4FF0F2874584900A6F167 /* constellation */ = {
			isa = PBXGroup;
			children = (
				4B69A0FA2875B66800BBDF17 /* Model */,
				4B69A0F92875B66300BBDF17 /* View */,
				4B69A0F82875B65900BBDF17 /* ViewContoller */,
				4BA4FF102874584900A6F167 /* AppDelegate.swift */,
				4BA4FF122874584900A6F167 /* SceneDelegate.swift */,
				4BA4FF192874584A00A6F167 /* Assets.xcassets */,
				4BA4FF1E2874584A00A6F167 /* Info.plist */,
			);
			path = constellation;
			sourceTree = "<group>";
		};
/* End PBXGroup section */

/* Begin PBXNativeTarget section */
		4BA4FF0C2874584900A6F167 /* constellation */ = {
			isa = PBXNativeTarget;
			buildConfigurationList = 4BA4FF212874584A00A6F167 /* Build configuration list for PBXNativeTarget "constellation" */;
			buildPhases = (
				4BA4FF092874584900A6F167 /* Sources */,
				4BA4FF0A2874584900A6F167 /* Frameworks */,
				4BA4FF0B2874584900A6F167 /* Resources */,
			);
			buildRules = (
			);
			dependencies = (
			);
			name = constellation;
			productName = constellation;
			productReference = 4BA4FF0D2874584900A6F167 /* constellation.app */;
			productType = "com.apple.product-type.application";
		};
/* End PBXNativeTarget section */

/* Begin PBXProject section */
		4BA4FF052874584900A6F167 /* Project object */ = {
			isa = PBXProject;
			attributes = {
				BuildIndependentTargetsInParallel = 1;
				LastSwiftUpdateCheck = 1340;
				LastUpgradeCheck = 1340;
				TargetAttributes = {
					4BA4FF0C2874584900A6F167 = {
						CreatedOnToolsVersion = 13.4.1;
					};
				};
			};
			buildConfigurationList = 4BA4FF082874584900A6F167 /* Build configuration list for PBXProject "constellation" */;
			compatibilityVersion = "Xcode 13.0";
			developmentRegion = en;
			hasScannedForEncodings = 0;
			knownRegions = (
				en,
				Base,
			);
			mainGroup = 4BA4FF042874584900A6F167;
			productRefGroup = 4BA4FF0E2874584900A6F167 /* Products */;
			projectDirPath = "";
			projectRoot = "";
			targets = (
				4BA4FF0C2874584900A6F167 /* constellation */,
			);
		};
/* End PBXProject section */

/* Begin PBXResourcesBuildPhase section */
		4BA4FF0B2874584900A6F167 /* Resources */ = {
			isa = PBXResourcesBuildPhase;
			buildActionMask = 2147483647;
			files = (
				4B65A3C128A9E63B00D710C6 /* Main.storyboard in Resources */,
				4BA4FF1D2874584A00A6F167 /* LaunchScreen.storyboard in Resources */,
				4BA4FF1A2874584A00A6F167 /* Assets.xcassets in Resources */,
			);
			runOnlyForDeploymentPostprocessing = 0;
		};
/* End PBXResourcesBuildPhase section */

/* Begin PBXSourcesBuildPhase section */
		4BA4FF092874584900A6F167 /* Sources */ = {
			isa = PBXSourcesBuildPhase;
			buildActionMask = 2147483647;
			files = (
				4B65A3C328A9E69600D710C6 /* CellViewModel.swift in Sources */,
				4BA4FF152874584900A6F167 /* DetailViewController.swift in Sources */,
				4BEE37FD28A9D915004BE154 /* ContentView.swift in Sources */,
				4B69A0FC2875B68F00BBDF17 /* Articles.swift in Sources */,
				4B69A0FE2875BC1100BBDF17 /* ConstellationCell.swift in Sources */,
				4BEE37FB28A9D8A6004BE154 /* Constellation.swift in Sources */,
				4BA4FF112874584900A6F167 /* AppDelegate.swift in Sources */,
				4BC2ECDA28758058005F3B0B /* ViewController.swift in Sources */,
				4B69A1002875D0F200BBDF17 /* BigImageView.swift in Sources */,
				4B69A0F72875B4E500BBDF17 /* APICaller.swift in Sources */,
				4BA4FF132874584900A6F167 /* SceneDelegate.swift in Sources */,
			);
			runOnlyForDeploymentPostprocessing = 0;
		};
/* End PBXSourcesBuildPhase section */

/* Begin PBXVariantGroup section */
		4BA4FF1B2874584A00A6F167 /* LaunchScreen.storyboard */ = {
			isa = PBXVariantGroup;
			children = (
				4BA4FF1C2874584A00A6F167 /* Base */,
			);
			name = LaunchScreen.storyboard;
			sourceTree = "<group>";
		};
/* End PBXVariantGroup section */

/* Begin XCBuildConfiguration section */
		4BA4FF1F2874584A00A6F167 /* Debug */ = {
			isa = XCBuildConfiguration;
			buildSettings = {
				ALWAYS_SEARCH_USER_PATHS = NO;
				CLANG_ANALYZER_NONNULL = YES;
				CLANG_ANALYZER_NUMBER_OBJECT_CONVERSION = YES_AGGRESSIVE;
				CLANG_CXX_LANGUAGE_STANDARD = "gnu++17";
				CLANG_ENABLE_MODULES = YES;
				CLANG_ENABLE_OBJC_ARC = YES;
				CLANG_ENABLE_OBJC_WEAK = YES;
				CLANG_WARN_BLOCK_CAPTURE_AUTORELEASING = YES;
				CLANG_WARN_BOOL_CONVERSION = YES;
				CLANG_WARN_COMMA = YES;
				CLANG_WARN_CONSTANT_CONVERSION = YES;
				CLANG_WARN_DEPRECATED_OBJC_IMPLEMENTATIONS = YES;
				CLANG_WARN_DIRECT_OBJC_ISA_USAGE = YES_ERROR;
				CLANG_WARN_DOCUMENTATION_COMMENTS = YES;
				CLANG_WARN_EMPTY_BODY = YES;
				CLANG_WARN_ENUM_CONVERSION = YES;
				CLANG_WARN_INFINITE_RECURSION = YES;
				CLANG_WARN_INT_CONVERSION = YES;
				CLANG_WARN_NON_LITERAL_NULL_CONVERSION = YES;
				CLANG_WARN_OBJC_IMPLICIT_RETAIN_SELF = YES;
				CLANG_WARN_OBJC_LITERAL_CONVERSION = YES;
				CLANG_WARN_OBJC_ROOT_CLASS = YES_ERROR;
				CLANG_WARN_QUOTED_INCLUDE_IN_FRAMEWORK_HEADER = YES;
				CLANG_WARN_RANGE_LOOP_ANALYSIS = YES;
				CLANG_WARN_STRICT_PROTOTYPES = YES;
				CLANG_WARN_SUSPICIOUS_MOVE = YES;
				CLANG_WARN_UNGUARDED_AVAILABILITY = YES_AGGRESSIVE;
				CLANG_WARN_UNREACHABLE_CODE = YES;
				CLANG_WARN__DUPLICATE_METHOD_MATCH = YES;
				COPY_PHASE_STRIP = NO;
				DEBUG_INFORMATION_FORMAT = dwarf;
				ENABLE_STRICT_OBJC_MSGSEND = YES;
				ENABLE_TESTABILITY = YES;
				GCC_C_LANGUAGE_STANDARD = gnu11;
				GCC_DYNAMIC_NO_PIC = NO;
				GCC_NO_COMMON_BLOCKS = YES;
				GCC_OPTIMIZATION_LEVEL = 0;
				GCC_PREPROCESSOR_DEFINITIONS = (
					"DEBUG=1",
					"$(inherited)",
				);
				GCC_WARN_64_TO_32_BIT_CONVERSION = YES;
				GCC_WARN_ABOUT_RETURN_TYPE = YES_ERROR;
				GCC_WARN_UNDECLARED_SELECTOR = YES;
				GCC_WARN_UNINITIALIZED_AUTOS = YES_AGGRESSIVE;
				GCC_WARN_UNUSED_FUNCTION = YES;
				GCC_WARN_UNUSED_VARIABLE = YES;
				IPHONEOS_DEPLOYMENT_TARGET = 15.5;
				MTL_ENABLE_DEBUG_INFO = INCLUDE_SOURCE;
				MTL_FAST_MATH = YES;
				ONLY_ACTIVE_ARCH = YES;
				SDKROOT = iphoneos;
				SWIFT_ACTIVE_COMPILATION_CONDITIONS = DEBUG;
				SWIFT_OPTIMIZATION_LEVEL = "-Onone";
			};
			name = Debug;
		};
		4BA4FF202874584A00A6F167 /* Release */ = {
			isa = XCBuildConfiguration;
			buildSettings = {
				ALWAYS_SEARCH_USER_PATHS = NO;
				CLANG_ANALYZER_NONNULL = YES;
				CLANG_ANALYZER_NUMBER_OBJECT_CONVERSION = YES_AGGRESSIVE;
				CLANG_CXX_LANGUAGE_STANDARD = "gnu++17";
				CLANG_ENABLE_MODULES = YES;
				CLANG_ENABLE_OBJC_ARC = YES;
				CLANG_ENABLE_OBJC_WEAK = YES;
				CLANG_WARN_BLOCK_CAPTURE_AUTORELEASING = YES;
				CLANG_WARN_BOOL_CONVERSION = YES;
				CLANG_WARN_COMMA = YES;
				CLANG_WARN_CONSTANT_CONVERSION = YES;
				CLANG_WARN_DEPRECATED_OBJC_IMPLEMENTATIONS = YES;
				CLANG_WARN_DIRECT_OBJC_ISA_USAGE = YES_ERROR;
				CLANG_WARN_DOCUMENTATION_COMMENTS = YES;
				CLANG_WARN_EMPTY_BODY = YES;
				CLANG_WARN_ENUM_CONVERSION = YES;
				CLANG_WARN_INFINITE_RECURSION = YES;
				CLANG_WARN_INT_CONVERSION = YES;
				CLANG_WARN_NON_LITERAL_NULL_CONVERSION = YES;
				CLANG_WARN_OBJC_IMPLICIT_RETAIN_SELF = YES;
				CLANG_WARN_OBJC_LITERAL_CONVERSION = YES;
				CLANG_WARN_OBJC_ROOT_CLASS = YES_ERROR;
				CLANG_WARN_QUOTED_INCLUDE_IN_FRAMEWORK_HEADER = YES;
				CLANG_WARN_RANGE_LOOP_ANALYSIS = YES;
				CLANG_WARN_STRICT_PROTOTYPES = YES;
				CLANG_WARN_SUSPICIOUS_MOVE = YES;
				CLANG_WARN_UNGUARDED_AVAILABILITY = YES_AGGRESSIVE;
				CLANG_WARN_UNREACHABLE_CODE = YES;
				CLANG_WARN__DUPLICATE_METHOD_MATCH = YES;
				COPY_PHASE_STRIP = NO;
				DEBUG_INFORMATION_FORMAT = "dwarf-with-dsym";
				ENABLE_NS_ASSERTIONS = NO;
				ENABLE_STRICT_OBJC_MSGSEND = YES;
				GCC_C_LANGUAGE_STANDARD = gnu11;
				GCC_NO_COMMON_BLOCKS = YES;
				GCC_WARN_64_TO_32_BIT_CONVERSION = YES;
				GCC_WARN_ABOUT_RETURN_TYPE = YES_ERROR;
				GCC_WARN_UNDECLARED_SELECTOR = YES;
				GCC_WARN_UNINITIALIZED_AUTOS = YES_AGGRESSIVE;
				GCC_WARN_UNUSED_FUNCTION = YES;
				GCC_WARN_UNUSED_VARIABLE = YES;
				IPHONEOS_DEPLOYMENT_TARGET = 15.5;
				MTL_ENABLE_DEBUG_INFO = NO;
				MTL_FAST_MATH = YES;
				SDKROOT = iphoneos;
				SWIFT_COMPILATION_MODE = wholemodule;
				SWIFT_OPTIMIZATION_LEVEL = "-O";
				VALIDATE_PRODUCT = YES;
			};
			name = Release;
		};
		4BA4FF222874584A00A6F167 /* Debug */ = {
			isa = XCBuildConfiguration;
			buildSettings = {
				ASSETCATALOG_COMPILER_APPICON_NAME = AppIcon;
				ASSETCATALOG_COMPILER_GLOBAL_ACCENT_COLOR_NAME = AccentColor;
				CODE_SIGN_STYLE = Automatic;
				CURRENT_PROJECT_VERSION = 5;
				DEVELOPMENT_TEAM = Y5DZ85S2CD;
				GENERATE_INFOPLIST_FILE = YES;
				INFOPLIST_FILE = constellation/Info.plist;
				INFOPLIST_KEY_CFBundleDisplayName = "Stargazers ";
				INFOPLIST_KEY_NSLocationAlwaysAndWhenInUseUsageDescription = "星座情報の取得のために位置情報を使用します";
				INFOPLIST_KEY_NSLocationWhenInUseUsageDescription = "星座情報の取得のために位置情報を使用します";
<<<<<<< HEAD
				INFOPLIST_KEY_UILaunchStoryboardName = LaunchScreen;
				INFOPLIST_KEY_UIMainStoryboardFile = Main;
=======
				INFOPLIST_KEY_UIApplicationSupportsIndirectInputEvents = YES;
>>>>>>> refs/remotes/origin/main
				INFOPLIST_KEY_UISupportedInterfaceOrientations_iPad = "UIInterfaceOrientationPortrait UIInterfaceOrientationPortraitUpsideDown UIInterfaceOrientationLandscapeLeft UIInterfaceOrientationLandscapeRight";
				INFOPLIST_KEY_UISupportedInterfaceOrientations_iPhone = "UIInterfaceOrientationPortrait UIInterfaceOrientationLandscapeLeft UIInterfaceOrientationLandscapeRight";
				LD_RUNPATH_SEARCH_PATHS = (
					"$(inherited)",
					"@executable_path/Frameworks",
				);
				MARKETING_VERSION = 1.4;
				PRODUCT_BUNDLE_IDENTIFIER = com.Ren.constellation;
				PRODUCT_NAME = "$(TARGET_NAME)";
				SWIFT_EMIT_LOC_STRINGS = YES;
				SWIFT_VERSION = 5.0;
				TARGETED_DEVICE_FAMILY = 1;
			};
			name = Debug;
		};
		4BA4FF232874584A00A6F167 /* Release */ = {
			isa = XCBuildConfiguration;
			buildSettings = {
				ASSETCATALOG_COMPILER_APPICON_NAME = AppIcon;
				ASSETCATALOG_COMPILER_GLOBAL_ACCENT_COLOR_NAME = AccentColor;
				CODE_SIGN_STYLE = Automatic;
				CURRENT_PROJECT_VERSION = 5;
				DEVELOPMENT_TEAM = Y5DZ85S2CD;
				GENERATE_INFOPLIST_FILE = YES;
				INFOPLIST_FILE = constellation/Info.plist;
				INFOPLIST_KEY_CFBundleDisplayName = "Stargazers ";
				INFOPLIST_KEY_NSLocationAlwaysAndWhenInUseUsageDescription = "星座情報の取得のために位置情報を使用します";
				INFOPLIST_KEY_NSLocationWhenInUseUsageDescription = "星座情報の取得のために位置情報を使用します";
<<<<<<< HEAD
				INFOPLIST_KEY_UILaunchStoryboardName = LaunchScreen;
				INFOPLIST_KEY_UIMainStoryboardFile = Main;
=======
				INFOPLIST_KEY_UIApplicationSupportsIndirectInputEvents = YES;
>>>>>>> refs/remotes/origin/main
				INFOPLIST_KEY_UISupportedInterfaceOrientations_iPad = "UIInterfaceOrientationPortrait UIInterfaceOrientationPortraitUpsideDown UIInterfaceOrientationLandscapeLeft UIInterfaceOrientationLandscapeRight";
				INFOPLIST_KEY_UISupportedInterfaceOrientations_iPhone = "UIInterfaceOrientationPortrait UIInterfaceOrientationLandscapeLeft UIInterfaceOrientationLandscapeRight";
				LD_RUNPATH_SEARCH_PATHS = (
					"$(inherited)",
					"@executable_path/Frameworks",
				);
				MARKETING_VERSION = 1.4;
				PRODUCT_BUNDLE_IDENTIFIER = com.Ren.constellation;
				PRODUCT_NAME = "$(TARGET_NAME)";
				SWIFT_EMIT_LOC_STRINGS = YES;
				SWIFT_VERSION = 5.0;
				TARGETED_DEVICE_FAMILY = 1;
			};
			name = Release;
		};
/* End XCBuildConfiguration section */

/* Begin XCConfigurationList section */
		4BA4FF082874584900A6F167 /* Build configuration list for PBXProject "constellation" */ = {
			isa = XCConfigurationList;
			buildConfigurations = (
				4BA4FF1F2874584A00A6F167 /* Debug */,
				4BA4FF202874584A00A6F167 /* Release */,
			);
			defaultConfigurationIsVisible = 0;
			defaultConfigurationName = Release;
		};
		4BA4FF212874584A00A6F167 /* Build configuration list for PBXNativeTarget "constellation" */ = {
			isa = XCConfigurationList;
			buildConfigurations = (
				4BA4FF222874584A00A6F167 /* Debug */,
				4BA4FF232874584A00A6F167 /* Release */,
			);
			defaultConfigurationIsVisible = 0;
			defaultConfigurationName = Release;
		};
/* End XCConfigurationList section */
	};
	rootObject = 4BA4FF052874584900A6F167 /* Project object */;
}
